// !$*UTF8*$!
{
	archiveVersion = 1;
	classes = {
	};
	objectVersion = 46;
	objects = {

/* Begin PBXBuildFile section */
		1D3623260D0F684500981E51 /* GNGTAppDelegate.m in Sources */ = {isa = PBXBuildFile; fileRef = 1D3623250D0F684500981E51 /* GNGTAppDelegate.m */; };
		1D60589B0D05DD56006BFB54 /* main.m in Sources */ = {isa = PBXBuildFile; fileRef = 29B97316FDCFA39411CA2CEA /* main.m */; };
		1D60589F0D05DD5A006BFB54 /* Foundation.framework in Frameworks */ = {isa = PBXBuildFile; fileRef = 1D30AB110D05D00D00671497 /* Foundation.framework */; };
		1DF5F4E00D08C38300B7A737 /* UIKit.framework in Frameworks */ = {isa = PBXBuildFile; fileRef = 1DF5F4DF0D08C38300B7A737 /* UIKit.framework */; };
		28193060112F816700ECF9B4 /* GNGT.xcdatamodeld in Sources */ = {isa = PBXBuildFile; fileRef = 2819305F112F816700ECF9B4 /* GNGT.xcdatamodeld */; };
		288765A50DF7441C002DB57D /* CoreGraphics.framework in Frameworks */ = {isa = PBXBuildFile; fileRef = 288765A40DF7441C002DB57D /* CoreGraphics.framework */; };
		28AD733F0D9D9553002E5188 /* MainWindow.xib in Resources */ = {isa = PBXBuildFile; fileRef = 28AD733E0D9D9553002E5188 /* MainWindow.xib */; };
		28D801B40F44B63D00FB423F /* CoreData.framework in Frameworks */ = {isa = PBXBuildFile; fileRef = 28D801B30F44B63D00FB423F /* CoreData.framework */; };
		5C04551E13271EBD00DD7232 /* GTMHTTPFetcher.m in Sources */ = {isa = PBXBuildFile; fileRef = 5C04551D13271EBD00DD7232 /* GTMHTTPFetcher.m */; };
		5C26EDC31303C24D0035E9C5 /* UIConstants.m in Sources */ = {isa = PBXBuildFile; fileRef = 5C26EDC21303C24D0035E9C5 /* UIConstants.m */; };
		5C32B719132F3053004DAB5A /* RegistrationWebViewController.m in Sources */ = {isa = PBXBuildFile; fileRef = 5C32B717132F3053004DAB5A /* RegistrationWebViewController.m */; };
		5C42631712F7F951007E0ABF /* flowerpot.png in Resources */ = {isa = PBXBuildFile; fileRef = 5C42631512F7F951007E0ABF /* flowerpot.png */; };
		5C42631812F7F951007E0ABF /* flowerpot@2x.png in Resources */ = {isa = PBXBuildFile; fileRef = 5C42631612F7F951007E0ABF /* flowerpot@2x.png */; };
		5C48F8A7132A0744005FA880 /* gngt2011-public.json in Resources */ = {isa = PBXBuildFile; fileRef = 5C2B457913281A1200FC5CC5 /* gngt2011-public.json */; };
		5C4C84F012EDF9AF0086B133 /* MapKit.framework in Frameworks */ = {isa = PBXBuildFile; fileRef = 5C4C84EF12EDF9AF0086B133 /* MapKit.framework */; };
		5C4C84F612EDFABD0086B133 /* CoreLocation.framework in Frameworks */ = {isa = PBXBuildFile; fileRef = 5C4C84F512EDFABD0086B133 /* CoreLocation.framework */; };
		5C50D2DE12FCDA8E001C94EF /* TourInfoController.m in Sources */ = {isa = PBXBuildFile; fileRef = 5C50D2DC12FCDA8E001C94EF /* TourInfoController.m */; };
		5C50D2DF12FCDA8E001C94EF /* TourInfoController.xib in Resources */ = {isa = PBXBuildFile; fileRef = 5C50D2DD12FCDA8E001C94EF /* TourInfoController.xib */; };
		5C50D2EC12FCE29A001C94EF /* clarkia.png in Resources */ = {isa = PBXBuildFile; fileRef = 5C50D2EA12FCE29A001C94EF /* clarkia.png */; };
		5C50D2ED12FCE29A001C94EF /* clarkia@2x.png in Resources */ = {isa = PBXBuildFile; fileRef = 5C50D2EB12FCE29A001C94EF /* clarkia@2x.png */; };
		5C6A428013243D6C00FE9096 /* _Garden.m in Sources */ = {isa = PBXBuildFile; fileRef = 5C6A427513243D6C00FE9096 /* _Garden.m */; };
		5C6A428113243D6C00FE9096 /* _GardenLocation.m in Sources */ = {isa = PBXBuildFile; fileRef = 5C6A427713243D6C00FE9096 /* _GardenLocation.m */; };
		5C6A428213243D6C00FE9096 /* _InfoItem.m in Sources */ = {isa = PBXBuildFile; fileRef = 5C6A427913243D6C00FE9096 /* _InfoItem.m */; };
		5C6A428313243D6C00FE9096 /* _Tour.m in Sources */ = {isa = PBXBuildFile; fileRef = 5C6A427B13243D6C00FE9096 /* _Tour.m */; };
		5C6A428413243D6C00FE9096 /* Garden.m in Sources */ = {isa = PBXBuildFile; fileRef = 5C6A427D13243D6C00FE9096 /* Garden.m */; };
		5C6A428513243D6C00FE9096 /* GardenLocation.m in Sources */ = {isa = PBXBuildFile; fileRef = 5C6A427F13243D6C00FE9096 /* GardenLocation.m */; };
		5C7002B7132726EE00CD0D59 /* DatabaseAccess.m in Sources */ = {isa = PBXBuildFile; fileRef = 5C7002B6132726EE00CD0D59 /* DatabaseAccess.m */; };
		5C8714BE12EE4B830025B7B0 /* GardenMapViewController.m in Sources */ = {isa = PBXBuildFile; fileRef = 5C8714BD12EE4B830025B7B0 /* GardenMapViewController.m */; };
		5C8714C312EE4CCA0025B7B0 /* GardenMapView.xib in Resources */ = {isa = PBXBuildFile; fileRef = 5C8714C212EE4CCA0025B7B0 /* GardenMapView.xib */; };
		5C87E22E1327508A00D32AF2 /* UpdateManager.m in Sources */ = {isa = PBXBuildFile; fileRef = 5C87E22D1327508A00D32AF2 /* UpdateManager.m */; };
		5C87E2791327609B00D32AF2 /* _UserInfo.m in Sources */ = {isa = PBXBuildFile; fileRef = 5C87E21213274F5700D32AF2 /* _UserInfo.m */; };
		5C87E27A1327609C00D32AF2 /* UserInfo.m in Sources */ = {isa = PBXBuildFile; fileRef = 5C87E21413274F5800D32AF2 /* UserInfo.m */; };
		5C8B4114132C5ACA00DC8FFF /* RegistrationManager.m in Sources */ = {isa = PBXBuildFile; fileRef = 5C8B4113132C5ACA00DC8FFF /* RegistrationManager.m */; };
		5C901E6E12F8E7470091BB68 /* talk.png in Resources */ = {isa = PBXBuildFile; fileRef = 5C901E6C12F8E7470091BB68 /* talk.png */; };
		5C901E6F12F8E7470091BB68 /* talk@2x.png in Resources */ = {isa = PBXBuildFile; fileRef = 5C901E6D12F8E7470091BB68 /* talk@2x.png */; };
		5C92ECC4132862660064F21E /* DateFormatters.m in Sources */ = {isa = PBXBuildFile; fileRef = 5C92ECC3132862660064F21E /* DateFormatters.m */; };
		5C99568112EFA6D0003D4908 /* StarControl.m in Sources */ = {isa = PBXBuildFile; fileRef = 5C99568012EFA6D0003D4908 /* StarControl.m */; };
		5CB4EEC41324528D006C1040 /* CHANGELOG.md in Resources */ = {isa = PBXBuildFile; fileRef = 5CB4EE5C1324528D006C1040 /* CHANGELOG.md */; };
		5CB4EEC51324528D006C1040 /* JSONKit.m in Sources */ = {isa = PBXBuildFile; fileRef = 5CB4EE5E1324528D006C1040 /* JSONKit.m */; };
		5CB4EEC61324528D006C1040 /* README.md in Resources */ = {isa = PBXBuildFile; fileRef = 5CB4EE5F1324528D006C1040 /* README.md */; };
		5CB4EEF0132453F2006C1040 /* Importer.m in Sources */ = {isa = PBXBuildFile; fileRef = 5CB4EEEF132453F2006C1040 /* Importer.m */; };
		5CB4EEF3132453FF006C1040 /* InfoItem.m in Sources */ = {isa = PBXBuildFile; fileRef = 5CB4EEF2132453FF006C1040 /* InfoItem.m */; };
		5CB4EEF61324540B006C1040 /* Tour.m in Sources */ = {isa = PBXBuildFile; fileRef = 5CB4EEF51324540B006C1040 /* Tour.m */; };
		5CCF0CB512FF18A500D88913 /* FilteredGardenList.xib in Resources */ = {isa = PBXBuildFile; fileRef = 5CCF0CB312FF18A500D88913 /* FilteredGardenList.xib */; };
		5CDF404912FC8C8B0014742E /* chevron.png in Resources */ = {isa = PBXBuildFile; fileRef = 5CDF404512FC8C8B0014742E /* chevron.png */; };
		5CDF404A12FC8C8B0014742E /* chevron@2x.png in Resources */ = {isa = PBXBuildFile; fileRef = 5CDF404612FC8C8B0014742E /* chevron@2x.png */; };
		5CDF404B12FC8C8B0014742E /* favorite.png in Resources */ = {isa = PBXBuildFile; fileRef = 5CDF404712FC8C8B0014742E /* favorite.png */; };
		5CDF404C12FC8C8B0014742E /* favorite@2x.png in Resources */ = {isa = PBXBuildFile; fileRef = 5CDF404812FC8C8B0014742E /* favorite@2x.png */; };
		5CDF405112FC8D010014742E /* star.png in Resources */ = {isa = PBXBuildFile; fileRef = 5CDF404F12FC8D010014742E /* star.png */; };
		5CDF405212FC8D010014742E /* star@2x.png in Resources */ = {isa = PBXBuildFile; fileRef = 5CDF405012FC8D010014742E /* star@2x.png */; };
		5CDFEF7412F92271006AC87D /* GardenDescriptionViewController.m in Sources */ = {isa = PBXBuildFile; fileRef = 5CDFEF7212F92271006AC87D /* GardenDescriptionViewController.m */; };
		5CDFEF7512F92271006AC87D /* GardenDescriptionViewController.xib in Resources */ = {isa = PBXBuildFile; fileRef = 5CDFEF7312F92271006AC87D /* GardenDescriptionViewController.xib */; };
		5CE4733F12F69110009DCC8C /* poppy.png in Resources */ = {isa = PBXBuildFile; fileRef = 5CE4733D12F69110009DCC8C /* poppy.png */; };
		5CE4734012F69110009DCC8C /* poppy@2x.png in Resources */ = {isa = PBXBuildFile; fileRef = 5CE4733E12F69110009DCC8C /* poppy@2x.png */; };
		5CE7F51612F0E7A70023C96A /* GardenInfoViewCell.m in Sources */ = {isa = PBXBuildFile; fileRef = 5CE7F51512F0E7A70023C96A /* GardenInfoViewCell.m */; };
		C992612B12FDEC5E00FA5E8B /* GNGTAppIco.png in Resources */ = {isa = PBXBuildFile; fileRef = C992612A12FDEC5E00FA5E8B /* GNGTAppIco.png */; };
		C992D8CF12E2FA50004E4C35 /* GardensListViewController.m in Sources */ = {isa = PBXBuildFile; fileRef = C992D8CE12E2FA50004E4C35 /* GardensListViewController.m */; };
/* End PBXBuildFile section */

/* Begin PBXFileReference section */
		1D30AB110D05D00D00671497 /* Foundation.framework */ = {isa = PBXFileReference; lastKnownFileType = wrapper.framework; name = Foundation.framework; path = System/Library/Frameworks/Foundation.framework; sourceTree = SDKROOT; };
		1D3623240D0F684500981E51 /* GNGTAppDelegate.h */ = {isa = PBXFileReference; fileEncoding = 4; lastKnownFileType = sourcecode.c.h; path = GNGTAppDelegate.h; sourceTree = "<group>"; };
		1D3623250D0F684500981E51 /* GNGTAppDelegate.m */ = {isa = PBXFileReference; fileEncoding = 4; lastKnownFileType = sourcecode.c.objc; path = GNGTAppDelegate.m; sourceTree = "<group>"; };
		1D6058910D05DD3D006BFB54 /* GNGT.app */ = {isa = PBXFileReference; explicitFileType = wrapper.application; includeInIndex = 0; path = GNGT.app; sourceTree = BUILT_PRODUCTS_DIR; };
		1DF5F4DF0D08C38300B7A737 /* UIKit.framework */ = {isa = PBXFileReference; lastKnownFileType = wrapper.framework; name = UIKit.framework; path = System/Library/Frameworks/UIKit.framework; sourceTree = SDKROOT; };
		288765A40DF7441C002DB57D /* CoreGraphics.framework */ = {isa = PBXFileReference; lastKnownFileType = wrapper.framework; name = CoreGraphics.framework; path = System/Library/Frameworks/CoreGraphics.framework; sourceTree = SDKROOT; };
		28AD733E0D9D9553002E5188 /* MainWindow.xib */ = {isa = PBXFileReference; lastKnownFileType = file.xib; path = MainWindow.xib; sourceTree = "<group>"; };
		28D801B30F44B63D00FB423F /* CoreData.framework */ = {isa = PBXFileReference; lastKnownFileType = wrapper.framework; name = CoreData.framework; path = System/Library/Frameworks/CoreData.framework; sourceTree = SDKROOT; };
		29B97316FDCFA39411CA2CEA /* main.m */ = {isa = PBXFileReference; fileEncoding = 4; lastKnownFileType = sourcecode.c.objc; path = main.m; sourceTree = "<group>"; };
		32CA4F630368D1EE00C91783 /* GNGT_Prefix.pch */ = {isa = PBXFileReference; fileEncoding = 4; lastKnownFileType = sourcecode.c.h; path = GNGT_Prefix.pch; sourceTree = "<group>"; };
		5C04551C13271EBD00DD7232 /* GTMHTTPFetcher.h */ = {isa = PBXFileReference; fileEncoding = 4; lastKnownFileType = sourcecode.c.h; path = GTMHTTPFetcher.h; sourceTree = "<group>"; };
		5C04551D13271EBD00DD7232 /* GTMHTTPFetcher.m */ = {isa = PBXFileReference; fileEncoding = 4; lastKnownFileType = sourcecode.c.objc; path = GTMHTTPFetcher.m; sourceTree = "<group>"; };
		5C26EDC01303C2370035E9C5 /* SynthesizeSingleton.h */ = {isa = PBXFileReference; fileEncoding = 4; lastKnownFileType = sourcecode.c.h; path = SynthesizeSingleton.h; sourceTree = "<group>"; };
		5C26EDC11303C24D0035E9C5 /* UIConstants.h */ = {isa = PBXFileReference; fileEncoding = 4; lastKnownFileType = sourcecode.c.h; path = UIConstants.h; sourceTree = "<group>"; };
		5C26EDC21303C24D0035E9C5 /* UIConstants.m */ = {isa = PBXFileReference; fileEncoding = 4; lastKnownFileType = sourcecode.c.objc; path = UIConstants.m; sourceTree = "<group>"; };
		5C2B457913281A1200FC5CC5 /* gngt2011-public.json */ = {isa = PBXFileReference; fileEncoding = 4; lastKnownFileType = text; name = "gngt2011-public.json"; path = "db/gngt2011-public.json"; sourceTree = "<group>"; };
		5C32B716132F3053004DAB5A /* RegistrationWebViewController.h */ = {isa = PBXFileReference; fileEncoding = 4; lastKnownFileType = sourcecode.c.h; path = RegistrationWebViewController.h; sourceTree = "<group>"; };
		5C32B717132F3053004DAB5A /* RegistrationWebViewController.m */ = {isa = PBXFileReference; fileEncoding = 4; lastKnownFileType = sourcecode.c.objc; path = RegistrationWebViewController.m; sourceTree = "<group>"; };
		5C42631512F7F951007E0ABF /* flowerpot.png */ = {isa = PBXFileReference; lastKnownFileType = image.png; path = flowerpot.png; sourceTree = "<group>"; };
		5C42631612F7F951007E0ABF /* flowerpot@2x.png */ = {isa = PBXFileReference; lastKnownFileType = image.png; path = "flowerpot@2x.png"; sourceTree = "<group>"; };
		5C4C84EF12EDF9AF0086B133 /* MapKit.framework */ = {isa = PBXFileReference; lastKnownFileType = wrapper.framework; name = MapKit.framework; path = System/Library/Frameworks/MapKit.framework; sourceTree = SDKROOT; };
		5C4C84F512EDFABD0086B133 /* CoreLocation.framework */ = {isa = PBXFileReference; lastKnownFileType = wrapper.framework; name = CoreLocation.framework; path = System/Library/Frameworks/CoreLocation.framework; sourceTree = SDKROOT; };
		5C50D2DB12FCDA8E001C94EF /* TourInfoController.h */ = {isa = PBXFileReference; fileEncoding = 4; lastKnownFileType = sourcecode.c.h; path = TourInfoController.h; sourceTree = "<group>"; };
		5C50D2DC12FCDA8E001C94EF /* TourInfoController.m */ = {isa = PBXFileReference; fileEncoding = 4; lastKnownFileType = sourcecode.c.objc; path = TourInfoController.m; sourceTree = "<group>"; };
		5C50D2DD12FCDA8E001C94EF /* TourInfoController.xib */ = {isa = PBXFileReference; lastKnownFileType = file.xib; path = TourInfoController.xib; sourceTree = "<group>"; };
		5C50D2EA12FCE29A001C94EF /* clarkia.png */ = {isa = PBXFileReference; lastKnownFileType = image.png; path = clarkia.png; sourceTree = "<group>"; };
		5C50D2EB12FCE29A001C94EF /* clarkia@2x.png */ = {isa = PBXFileReference; lastKnownFileType = image.png; path = "clarkia@2x.png"; sourceTree = "<group>"; };
		5C6A427413243D6C00FE9096 /* _Garden.h */ = {isa = PBXFileReference; fileEncoding = 4; lastKnownFileType = sourcecode.c.h; path = _Garden.h; sourceTree = "<group>"; };
		5C6A427513243D6C00FE9096 /* _Garden.m */ = {isa = PBXFileReference; fileEncoding = 4; lastKnownFileType = sourcecode.c.objc; path = _Garden.m; sourceTree = "<group>"; };
		5C6A427613243D6C00FE9096 /* _GardenLocation.h */ = {isa = PBXFileReference; fileEncoding = 4; lastKnownFileType = sourcecode.c.h; path = _GardenLocation.h; sourceTree = "<group>"; };
		5C6A427713243D6C00FE9096 /* _GardenLocation.m */ = {isa = PBXFileReference; fileEncoding = 4; lastKnownFileType = sourcecode.c.objc; path = _GardenLocation.m; sourceTree = "<group>"; };
		5C6A427813243D6C00FE9096 /* _InfoItem.h */ = {isa = PBXFileReference; fileEncoding = 4; lastKnownFileType = sourcecode.c.h; path = _InfoItem.h; sourceTree = "<group>"; };
		5C6A427913243D6C00FE9096 /* _InfoItem.m */ = {isa = PBXFileReference; fileEncoding = 4; lastKnownFileType = sourcecode.c.objc; path = _InfoItem.m; sourceTree = "<group>"; };
		5C6A427A13243D6C00FE9096 /* _Tour.h */ = {isa = PBXFileReference; fileEncoding = 4; lastKnownFileType = sourcecode.c.h; path = _Tour.h; sourceTree = "<group>"; };
		5C6A427B13243D6C00FE9096 /* _Tour.m */ = {isa = PBXFileReference; fileEncoding = 4; lastKnownFileType = sourcecode.c.objc; path = _Tour.m; sourceTree = "<group>"; };
		5C6A427C13243D6C00FE9096 /* Garden.h */ = {isa = PBXFileReference; fileEncoding = 4; lastKnownFileType = sourcecode.c.h; path = Garden.h; sourceTree = "<group>"; };
		5C6A427D13243D6C00FE9096 /* Garden.m */ = {isa = PBXFileReference; fileEncoding = 4; lastKnownFileType = sourcecode.c.objc; path = Garden.m; sourceTree = "<group>"; };
		5C6A427E13243D6C00FE9096 /* GardenLocation.h */ = {isa = PBXFileReference; fileEncoding = 4; lastKnownFileType = sourcecode.c.h; path = GardenLocation.h; sourceTree = "<group>"; };
		5C6A427F13243D6C00FE9096 /* GardenLocation.m */ = {isa = PBXFileReference; fileEncoding = 4; lastKnownFileType = sourcecode.c.objc; path = GardenLocation.m; sourceTree = "<group>"; };
		5C7002B5132726EE00CD0D59 /* DatabaseAccess.h */ = {isa = PBXFileReference; fileEncoding = 4; lastKnownFileType = sourcecode.c.h; path = DatabaseAccess.h; sourceTree = "<group>"; };
		5C7002B6132726EE00CD0D59 /* DatabaseAccess.m */ = {isa = PBXFileReference; fileEncoding = 4; lastKnownFileType = sourcecode.c.objc; path = DatabaseAccess.m; sourceTree = "<group>"; };
		5C8714BC12EE4B830025B7B0 /* GardenMapViewController.h */ = {isa = PBXFileReference; fileEncoding = 4; lastKnownFileType = sourcecode.c.h; path = GardenMapViewController.h; sourceTree = "<group>"; };
		5C8714BD12EE4B830025B7B0 /* GardenMapViewController.m */ = {isa = PBXFileReference; fileEncoding = 4; lastKnownFileType = sourcecode.c.objc; path = GardenMapViewController.m; sourceTree = "<group>"; };
		5C8714C212EE4CCA0025B7B0 /* GardenMapView.xib */ = {isa = PBXFileReference; lastKnownFileType = file.xib; path = GardenMapView.xib; sourceTree = "<group>"; };
		5C87E21113274F5700D32AF2 /* _UserInfo.h */ = {isa = PBXFileReference; lastKnownFileType = sourcecode.c.h; path = _UserInfo.h; sourceTree = "<group>"; };
		5C87E21213274F5700D32AF2 /* _UserInfo.m */ = {isa = PBXFileReference; lastKnownFileType = sourcecode.c.objc; path = _UserInfo.m; sourceTree = "<group>"; };
		5C87E21313274F5700D32AF2 /* UserInfo.h */ = {isa = PBXFileReference; lastKnownFileType = sourcecode.c.h; path = UserInfo.h; sourceTree = "<group>"; };
		5C87E21413274F5800D32AF2 /* UserInfo.m */ = {isa = PBXFileReference; lastKnownFileType = sourcecode.c.objc; path = UserInfo.m; sourceTree = "<group>"; };
		5C87E22C1327508A00D32AF2 /* UpdateManager.h */ = {isa = PBXFileReference; fileEncoding = 4; lastKnownFileType = sourcecode.c.h; path = UpdateManager.h; sourceTree = "<group>"; };
		5C87E22D1327508A00D32AF2 /* UpdateManager.m */ = {isa = PBXFileReference; fileEncoding = 4; lastKnownFileType = sourcecode.c.objc; path = UpdateManager.m; sourceTree = "<group>"; };
		5C8B4112132C5ACA00DC8FFF /* RegistrationManager.h */ = {isa = PBXFileReference; fileEncoding = 4; lastKnownFileType = sourcecode.c.h; path = RegistrationManager.h; sourceTree = "<group>"; };
		5C8B4113132C5ACA00DC8FFF /* RegistrationManager.m */ = {isa = PBXFileReference; fileEncoding = 4; lastKnownFileType = sourcecode.c.objc; path = RegistrationManager.m; sourceTree = "<group>"; };
		5C8B4115132C5DB500DC8FFF /* GNGT.h */ = {isa = PBXFileReference; fileEncoding = 4; lastKnownFileType = sourcecode.c.h; path = GNGT.h; sourceTree = "<group>"; };
		5C901E6C12F8E7470091BB68 /* talk.png */ = {isa = PBXFileReference; lastKnownFileType = image.png; path = talk.png; sourceTree = "<group>"; };
		5C901E6D12F8E7470091BB68 /* talk@2x.png */ = {isa = PBXFileReference; lastKnownFileType = image.png; path = "talk@2x.png"; sourceTree = "<group>"; };
		5C92ECC2132862660064F21E /* DateFormatters.h */ = {isa = PBXFileReference; fileEncoding = 4; lastKnownFileType = sourcecode.c.h; path = DateFormatters.h; sourceTree = "<group>"; };
		5C92ECC3132862660064F21E /* DateFormatters.m */ = {isa = PBXFileReference; fileEncoding = 4; lastKnownFileType = sourcecode.c.objc; path = DateFormatters.m; sourceTree = "<group>"; };
		5C94EA8713289D3C00092950 /* GNGT_5c.xcdatamodel */ = {isa = PBXFileReference; lastKnownFileType = wrapper.xcdatamodel; path = GNGT_5c.xcdatamodel; sourceTree = "<group>"; };
		5C99567F12EFA6D0003D4908 /* StarControl.h */ = {isa = PBXFileReference; fileEncoding = 4; lastKnownFileType = sourcecode.c.h; path = StarControl.h; sourceTree = "<group>"; };
		5C99568012EFA6D0003D4908 /* StarControl.m */ = {isa = PBXFileReference; fileEncoding = 4; lastKnownFileType = sourcecode.c.objc; path = StarControl.m; sourceTree = "<group>"; };
		5CB4EE5C1324528D006C1040 /* CHANGELOG.md */ = {isa = PBXFileReference; fileEncoding = 4; lastKnownFileType = text; path = CHANGELOG.md; sourceTree = "<group>"; };
		5CB4EE5D1324528D006C1040 /* JSONKit.h */ = {isa = PBXFileReference; fileEncoding = 4; lastKnownFileType = sourcecode.c.h; path = JSONKit.h; sourceTree = "<group>"; };
		5CB4EE5E1324528D006C1040 /* JSONKit.m */ = {isa = PBXFileReference; fileEncoding = 4; lastKnownFileType = sourcecode.c.objc; path = JSONKit.m; sourceTree = "<group>"; };
		5CB4EE5F1324528D006C1040 /* README.md */ = {isa = PBXFileReference; fileEncoding = 4; lastKnownFileType = text; path = README.md; sourceTree = "<group>"; };
		5CB4EEEF132453F2006C1040 /* Importer.m */ = {isa = PBXFileReference; fileEncoding = 4; lastKnownFileType = sourcecode.c.objc; path = Importer.m; sourceTree = "<group>"; };
		5CB4EEF1132453FF006C1040 /* InfoItem.h */ = {isa = PBXFileReference; fileEncoding = 4; lastKnownFileType = sourcecode.c.h; path = InfoItem.h; sourceTree = "<group>"; };
		5CB4EEF2132453FF006C1040 /* InfoItem.m */ = {isa = PBXFileReference; fileEncoding = 4; lastKnownFileType = sourcecode.c.objc; path = InfoItem.m; sourceTree = "<group>"; };
		5CB4EEF41324540B006C1040 /* Tour.h */ = {isa = PBXFileReference; fileEncoding = 4; lastKnownFileType = sourcecode.c.h; path = Tour.h; sourceTree = "<group>"; };
		5CB4EEF51324540B006C1040 /* Tour.m */ = {isa = PBXFileReference; fileEncoding = 4; lastKnownFileType = sourcecode.c.objc; path = Tour.m; sourceTree = "<group>"; };
		5CCF0CB312FF18A500D88913 /* FilteredGardenList.xib */ = {isa = PBXFileReference; lastKnownFileType = file.xib; path = FilteredGardenList.xib; sourceTree = "<group>"; };
		5CDF404512FC8C8B0014742E /* chevron.png */ = {isa = PBXFileReference; lastKnownFileType = image.png; path = chevron.png; sourceTree = "<group>"; };
		5CDF404612FC8C8B0014742E /* chevron@2x.png */ = {isa = PBXFileReference; lastKnownFileType = image.png; path = "chevron@2x.png"; sourceTree = "<group>"; };
		5CDF404712FC8C8B0014742E /* favorite.png */ = {isa = PBXFileReference; lastKnownFileType = image.png; path = favorite.png; sourceTree = "<group>"; };
		5CDF404812FC8C8B0014742E /* favorite@2x.png */ = {isa = PBXFileReference; lastKnownFileType = image.png; path = "favorite@2x.png"; sourceTree = "<group>"; };
		5CDF404F12FC8D010014742E /* star.png */ = {isa = PBXFileReference; lastKnownFileType = image.png; path = star.png; sourceTree = "<group>"; };
		5CDF405012FC8D010014742E /* star@2x.png */ = {isa = PBXFileReference; lastKnownFileType = image.png; path = "star@2x.png"; sourceTree = "<group>"; };
		5CDFEF7112F92271006AC87D /* GardenDescriptionViewController.h */ = {isa = PBXFileReference; fileEncoding = 4; lastKnownFileType = sourcecode.c.h; path = GardenDescriptionViewController.h; sourceTree = "<group>"; };
		5CDFEF7212F92271006AC87D /* GardenDescriptionViewController.m */ = {isa = PBXFileReference; fileEncoding = 4; lastKnownFileType = sourcecode.c.objc; path = GardenDescriptionViewController.m; sourceTree = "<group>"; };
		5CDFEF7312F92271006AC87D /* GardenDescriptionViewController.xib */ = {isa = PBXFileReference; lastKnownFileType = file.xib; path = GardenDescriptionViewController.xib; sourceTree = "<group>"; };
		5CE4733D12F69110009DCC8C /* poppy.png */ = {isa = PBXFileReference; lastKnownFileType = image.png; path = poppy.png; sourceTree = "<group>"; };
		5CE4733E12F69110009DCC8C /* poppy@2x.png */ = {isa = PBXFileReference; lastKnownFileType = image.png; path = "poppy@2x.png"; sourceTree = "<group>"; };
		5CE7F51412F0E7A70023C96A /* GardenInfoViewCell.h */ = {isa = PBXFileReference; fileEncoding = 4; lastKnownFileType = sourcecode.c.h; path = GardenInfoViewCell.h; sourceTree = "<group>"; };
		5CE7F51512F0E7A70023C96A /* GardenInfoViewCell.m */ = {isa = PBXFileReference; fileEncoding = 4; lastKnownFileType = sourcecode.c.objc; path = GardenInfoViewCell.m; sourceTree = "<group>"; };
		8D1107310486CEB800E47090 /* GNGT-Info.plist */ = {isa = PBXFileReference; fileEncoding = 4; lastKnownFileType = text.plist.xml; path = "GNGT-Info.plist"; plistStructureDefinitionIdentifier = "com.apple.xcode.plist.structure-definition.iphone.info-plist"; sourceTree = "<group>"; };
		C992612A12FDEC5E00FA5E8B /* GNGTAppIco.png */ = {isa = PBXFileReference; lastKnownFileType = image.png; path = GNGTAppIco.png; sourceTree = "<group>"; };
		C992D8CD12E2FA50004E4C35 /* GardensListViewController.h */ = {isa = PBXFileReference; fileEncoding = 4; lastKnownFileType = sourcecode.c.h; path = GardensListViewController.h; sourceTree = "<group>"; };
		C992D8CE12E2FA50004E4C35 /* GardensListViewController.m */ = {isa = PBXFileReference; fileEncoding = 4; lastKnownFileType = sourcecode.c.objc; path = GardensListViewController.m; sourceTree = "<group>"; };
/* End PBXFileReference section */

/* Begin PBXFrameworksBuildPhase section */
		1D60588F0D05DD3D006BFB54 /* Frameworks */ = {
			isa = PBXFrameworksBuildPhase;
			buildActionMask = 2147483647;
			files = (
				1D60589F0D05DD5A006BFB54 /* Foundation.framework in Frameworks */,
				1DF5F4E00D08C38300B7A737 /* UIKit.framework in Frameworks */,
				288765A50DF7441C002DB57D /* CoreGraphics.framework in Frameworks */,
				28D801B40F44B63D00FB423F /* CoreData.framework in Frameworks */,
				5C4C84F012EDF9AF0086B133 /* MapKit.framework in Frameworks */,
				5C4C84F612EDFABD0086B133 /* CoreLocation.framework in Frameworks */,
			);
			runOnlyForDeploymentPostprocessing = 0;
		};
/* End PBXFrameworksBuildPhase section */

/* Begin PBXGroup section */
		080E96DDFE201D6D7F000001 /* Classes */ = {
			isa = PBXGroup;
			children = (
				5C309BA31305E51A00AF4C72 /* App delegate */,
				5CB4EEEE132453DD006C1040 /* db */,
				5C87E22F1327509500D32AF2 /* net */,
				5C309BA21305E50F00AF4C72 /* util */,
				5C6A427313243D6C00FE9096 /* model */,
				5CE2FCE812E8C82400D88C6A /* Views */,
				5C99568C12EFA7DB003D4908 /* Controls */,
			);
			path = Classes;
			sourceTree = "<group>";
		};
		19C28FACFE9D520D11CA2CBB /* Products */ = {
			isa = PBXGroup;
			children = (
				1D6058910D05DD3D006BFB54 /* GNGT.app */,
			);
			name = Products;
			sourceTree = "<group>";
		};
		29B97314FDCFA39411CA2CEA /* CustomTemplate */ = {
			isa = PBXGroup;
			children = (
				080E96DDFE201D6D7F000001 /* Classes */,
				29B97315FDCFA39411CA2CEA /* Other Sources */,
				29B97317FDCFA39411CA2CEA /* Resources */,
				29B97323FDCFA39411CA2CEA /* Frameworks */,
				19C28FACFE9D520D11CA2CBB /* Products */,
			);
			name = CustomTemplate;
			sourceTree = "<group>";
		};
		29B97315FDCFA39411CA2CEA /* Other Sources */ = {
			isa = PBXGroup;
			children = (
				32CA4F630368D1EE00C91783 /* GNGT_Prefix.pch */,
				29B97316FDCFA39411CA2CEA /* main.m */,
			);
			name = "Other Sources";
			sourceTree = "<group>";
		};
		29B97317FDCFA39411CA2CEA /* Resources */ = {
			isa = PBXGroup;
			children = (
				5CDF404012FC8C530014742E /* ui */,
				5CDF403F12FC8C300014742E /* images */,
				5CB4ED8313244E2E006C1040 /* json */,
				5CDF404112FC8C690014742E /* db */,
				8D1107310486CEB800E47090 /* GNGT-Info.plist */,
			);
			name = Resources;
			sourceTree = "<group>";
		};
		29B97323FDCFA39411CA2CEA /* Frameworks */ = {
			isa = PBXGroup;
			children = (
				1DF5F4DF0D08C38300B7A737 /* UIKit.framework */,
				1D30AB110D05D00D00671497 /* Foundation.framework */,
				288765A40DF7441C002DB57D /* CoreGraphics.framework */,
				28D801B30F44B63D00FB423F /* CoreData.framework */,
				5C4C84EF12EDF9AF0086B133 /* MapKit.framework */,
				5C4C84F512EDFABD0086B133 /* CoreLocation.framework */,
			);
			name = Frameworks;
			sourceTree = "<group>";
		};
		5C04551B13271EBD00DD7232 /* gtm-http-fetcher */ = {
			isa = PBXGroup;
			children = (
				5C04551C13271EBD00DD7232 /* GTMHTTPFetcher.h */,
				5C04551D13271EBD00DD7232 /* GTMHTTPFetcher.m */,
			);
			path = "gtm-http-fetcher";
			sourceTree = "<group>";
		};
		5C309BA21305E50F00AF4C72 /* util */ = {
			isa = PBXGroup;
			children = (
				5C26EDC01303C2370035E9C5 /* SynthesizeSingleton.h */,
				5C92ECC2132862660064F21E /* DateFormatters.h */,
				5C92ECC3132862660064F21E /* DateFormatters.m */,
			);
			name = util;
			sourceTree = "<group>";
		};
		5C309BA31305E51A00AF4C72 /* App delegate */ = {
			isa = PBXGroup;
			children = (
				1D3623240D0F684500981E51 /* GNGTAppDelegate.h */,
				1D3623250D0F684500981E51 /* GNGTAppDelegate.m */,
				5C8B4115132C5DB500DC8FFF /* GNGT.h */,
			);
			name = "App delegate";
			sourceTree = "<group>";
		};
		5C6A427313243D6C00FE9096 /* model */ = {
			isa = PBXGroup;
			children = (
				5CB4EEF41324540B006C1040 /* Tour.h */,
				5CB4EEF51324540B006C1040 /* Tour.m */,
				5CB4EEF1132453FF006C1040 /* InfoItem.h */,
				5CB4EEF2132453FF006C1040 /* InfoItem.m */,
				5C6A427413243D6C00FE9096 /* _Garden.h */,
				5C6A427513243D6C00FE9096 /* _Garden.m */,
				5C6A427613243D6C00FE9096 /* _GardenLocation.h */,
				5C6A427713243D6C00FE9096 /* _GardenLocation.m */,
				5C6A427813243D6C00FE9096 /* _InfoItem.h */,
				5C6A427913243D6C00FE9096 /* _InfoItem.m */,
				5C6A427A13243D6C00FE9096 /* _Tour.h */,
				5C6A427B13243D6C00FE9096 /* _Tour.m */,
				5C6A427C13243D6C00FE9096 /* Garden.h */,
				5C6A427D13243D6C00FE9096 /* Garden.m */,
				5C6A427E13243D6C00FE9096 /* GardenLocation.h */,
				5C6A427F13243D6C00FE9096 /* GardenLocation.m */,
				5C87E21113274F5700D32AF2 /* _UserInfo.h */,
				5C87E21213274F5700D32AF2 /* _UserInfo.m */,
				5C87E21313274F5700D32AF2 /* UserInfo.h */,
				5C87E21413274F5800D32AF2 /* UserInfo.m */,
			);
			path = model;
			sourceTree = "<group>";
		};
		5C87E22F1327509500D32AF2 /* net */ = {
			isa = PBXGroup;
			children = (
				5C04551B13271EBD00DD7232 /* gtm-http-fetcher */,
				5C87E22C1327508A00D32AF2 /* UpdateManager.h */,
				5C87E22D1327508A00D32AF2 /* UpdateManager.m */,
				5C8B4112132C5ACA00DC8FFF /* RegistrationManager.h */,
				5C8B4113132C5ACA00DC8FFF /* RegistrationManager.m */,
			);
			name = net;
			sourceTree = "<group>";
		};
		5C99568C12EFA7DB003D4908 /* Controls */ = {
			isa = PBXGroup;
			children = (
				5C99567F12EFA6D0003D4908 /* StarControl.h */,
				5C99568012EFA6D0003D4908 /* StarControl.m */,
			);
			name = Controls;
			sourceTree = "<group>";
		};
		5CB4ED8313244E2E006C1040 /* json */ = {
			isa = PBXGroup;
			children = (
			);
			name = json;
			sourceTree = "<group>";
		};
		5CB4EDA41324528C006C1040 /* JSONKit */ = {
			isa = PBXGroup;
			children = (
				5CB4EE5C1324528D006C1040 /* CHANGELOG.md */,
				5CB4EE5D1324528D006C1040 /* JSONKit.h */,
				5CB4EE5E1324528D006C1040 /* JSONKit.m */,
				5CB4EE5F1324528D006C1040 /* README.md */,
			);
			path = JSONKit;
			sourceTree = SOURCE_ROOT;
		};
		5CB4EEEE132453DD006C1040 /* db */ = {
			isa = PBXGroup;
			children = (
				5CB4EDA41324528C006C1040 /* JSONKit */,
				5CB4EEEF132453F2006C1040 /* Importer.m */,
				5C7002B5132726EE00CD0D59 /* DatabaseAccess.h */,
				5C7002B6132726EE00CD0D59 /* DatabaseAccess.m */,
			);
			name = db;
			sourceTree = "<group>";
		};
		5CDF403F12FC8C300014742E /* images */ = {
			isa = PBXGroup;
			children = (
				C992612A12FDEC5E00FA5E8B /* GNGTAppIco.png */,
				5C50D2EA12FCE29A001C94EF /* clarkia.png */,
				5C50D2EB12FCE29A001C94EF /* clarkia@2x.png */,
				5CDF404F12FC8D010014742E /* star.png */,
				5CDF405012FC8D010014742E /* star@2x.png */,
				5CDF404512FC8C8B0014742E /* chevron.png */,
				5CDF404612FC8C8B0014742E /* chevron@2x.png */,
				5CDF404712FC8C8B0014742E /* favorite.png */,
				5CDF404812FC8C8B0014742E /* favorite@2x.png */,
				5C901E6C12F8E7470091BB68 /* talk.png */,
				5C901E6D12F8E7470091BB68 /* talk@2x.png */,
				5C42631512F7F951007E0ABF /* flowerpot.png */,
				5C42631612F7F951007E0ABF /* flowerpot@2x.png */,
				5CE4733D12F69110009DCC8C /* poppy.png */,
				5CE4733E12F69110009DCC8C /* poppy@2x.png */,
			);
			path = images;
			sourceTree = "<group>";
		};
		5CDF404012FC8C530014742E /* ui */ = {
			isa = PBXGroup;
			children = (
				5CCF0CB312FF18A500D88913 /* FilteredGardenList.xib */,
				5C50D2DD12FCDA8E001C94EF /* TourInfoController.xib */,
				5CDFEF7312F92271006AC87D /* GardenDescriptionViewController.xib */,
				28AD733E0D9D9553002E5188 /* MainWindow.xib */,
				5C8714C212EE4CCA0025B7B0 /* GardenMapView.xib */,
			);
			path = ui;
			sourceTree = "<group>";
		};
		5CDF404112FC8C690014742E /* db */ = {
			isa = PBXGroup;
			children = (
				5C2B457913281A1200FC5CC5 /* gngt2011-public.json */,
				2819305F112F816700ECF9B4 /* GNGT.xcdatamodeld */,
			);
			name = db;
			sourceTree = "<group>";
		};
		5CE2FCE812E8C82400D88C6A /* Views */ = {
			isa = PBXGroup;
			children = (
				5C26EDC11303C24D0035E9C5 /* UIConstants.h */,
				5C26EDC21303C24D0035E9C5 /* UIConstants.m */,
				5CE7F51412F0E7A70023C96A /* GardenInfoViewCell.h */,
				5CE7F51512F0E7A70023C96A /* GardenInfoViewCell.m */,
				C992D8CD12E2FA50004E4C35 /* GardensListViewController.h */,
				C992D8CE12E2FA50004E4C35 /* GardensListViewController.m */,
				5C8714BC12EE4B830025B7B0 /* GardenMapViewController.h */,
				5C8714BD12EE4B830025B7B0 /* GardenMapViewController.m */,
				5CDFEF7112F92271006AC87D /* GardenDescriptionViewController.h */,
				5CDFEF7212F92271006AC87D /* GardenDescriptionViewController.m */,
				5C50D2DB12FCDA8E001C94EF /* TourInfoController.h */,
				5C50D2DC12FCDA8E001C94EF /* TourInfoController.m */,
				5C32B716132F3053004DAB5A /* RegistrationWebViewController.h */,
				5C32B717132F3053004DAB5A /* RegistrationWebViewController.m */,
			);
			name = Views;
			sourceTree = "<group>";
		};
/* End PBXGroup section */

/* Begin PBXNativeTarget section */
		1D6058900D05DD3D006BFB54 /* GNGT */ = {
			isa = PBXNativeTarget;
			buildConfigurationList = 1D6058960D05DD3E006BFB54 /* Build configuration list for PBXNativeTarget "GNGT" */;
			buildPhases = (
				1D60588D0D05DD3D006BFB54 /* Resources */,
				1D60588E0D05DD3D006BFB54 /* Sources */,
				1D60588F0D05DD3D006BFB54 /* Frameworks */,
			);
			buildRules = (
			);
			dependencies = (
			);
			name = GNGT;
			productName = GNGT;
			productReference = 1D6058910D05DD3D006BFB54 /* GNGT.app */;
			productType = "com.apple.product-type.application";
		};
/* End PBXNativeTarget section */

/* Begin PBXProject section */
		29B97313FDCFA39411CA2CEA /* Project object */ = {
			isa = PBXProject;
			buildConfigurationList = C01FCF4E08A954540054247B /* Build configuration list for PBXProject "GNGT" */;
			compatibilityVersion = "Xcode 3.2";
			developmentRegion = English;
			hasScannedForEncodings = 1;
			knownRegions = (
				English,
				Japanese,
				French,
				German,
			);
			mainGroup = 29B97314FDCFA39411CA2CEA /* CustomTemplate */;
			projectDirPath = "";
			projectRoot = "";
			targets = (
				1D6058900D05DD3D006BFB54 /* GNGT */,
			);
		};
/* End PBXProject section */

/* Begin PBXResourcesBuildPhase section */
		1D60588D0D05DD3D006BFB54 /* Resources */ = {
			isa = PBXResourcesBuildPhase;
			buildActionMask = 2147483647;
			files = (
				28AD733F0D9D9553002E5188 /* MainWindow.xib in Resources */,
				5C8714C312EE4CCA0025B7B0 /* GardenMapView.xib in Resources */,
				5CE4733F12F69110009DCC8C /* poppy.png in Resources */,
				5CE4734012F69110009DCC8C /* poppy@2x.png in Resources */,
				5C42631712F7F951007E0ABF /* flowerpot.png in Resources */,
				5C42631812F7F951007E0ABF /* flowerpot@2x.png in Resources */,
				5C901E6E12F8E7470091BB68 /* talk.png in Resources */,
				5C901E6F12F8E7470091BB68 /* talk@2x.png in Resources */,
				5CDFEF7512F92271006AC87D /* GardenDescriptionViewController.xib in Resources */,
				5CDF404912FC8C8B0014742E /* chevron.png in Resources */,
				5CDF404A12FC8C8B0014742E /* chevron@2x.png in Resources */,
				5CDF404B12FC8C8B0014742E /* favorite.png in Resources */,
				5CDF404C12FC8C8B0014742E /* favorite@2x.png in Resources */,
				5CDF405112FC8D010014742E /* star.png in Resources */,
				5CDF405212FC8D010014742E /* star@2x.png in Resources */,
				5C50D2DF12FCDA8E001C94EF /* TourInfoController.xib in Resources */,
				5C50D2EC12FCE29A001C94EF /* clarkia.png in Resources */,
				5C50D2ED12FCE29A001C94EF /* clarkia@2x.png in Resources */,
				C992612B12FDEC5E00FA5E8B /* GNGTAppIco.png in Resources */,
				5CCF0CB512FF18A500D88913 /* FilteredGardenList.xib in Resources */,
				5CB4EEC41324528D006C1040 /* CHANGELOG.md in Resources */,
				5CB4EEC61324528D006C1040 /* README.md in Resources */,
				5C48F8A7132A0744005FA880 /* gngt2011-public.json in Resources */,
			);
			runOnlyForDeploymentPostprocessing = 0;
		};
/* End PBXResourcesBuildPhase section */

/* Begin PBXSourcesBuildPhase section */
		1D60588E0D05DD3D006BFB54 /* Sources */ = {
			isa = PBXSourcesBuildPhase;
			buildActionMask = 2147483647;
			files = (
				1D60589B0D05DD56006BFB54 /* main.m in Sources */,
				1D3623260D0F684500981E51 /* GNGTAppDelegate.m in Sources */,
				28193060112F816700ECF9B4 /* GNGT.xcdatamodeld in Sources */,
				C992D8CF12E2FA50004E4C35 /* GardensListViewController.m in Sources */,
				5C8714BE12EE4B830025B7B0 /* GardenMapViewController.m in Sources */,
				5C99568112EFA6D0003D4908 /* StarControl.m in Sources */,
				5CE7F51612F0E7A70023C96A /* GardenInfoViewCell.m in Sources */,
				5CDFEF7412F92271006AC87D /* GardenDescriptionViewController.m in Sources */,
				5C50D2DE12FCDA8E001C94EF /* TourInfoController.m in Sources */,
				5C26EDC31303C24D0035E9C5 /* UIConstants.m in Sources */,
				5C6A428013243D6C00FE9096 /* _Garden.m in Sources */,
				5C6A428113243D6C00FE9096 /* _GardenLocation.m in Sources */,
				5C6A428213243D6C00FE9096 /* _InfoItem.m in Sources */,
				5C6A428313243D6C00FE9096 /* _Tour.m in Sources */,
				5C6A428413243D6C00FE9096 /* Garden.m in Sources */,
				5C6A428513243D6C00FE9096 /* GardenLocation.m in Sources */,
				5CB4EEC51324528D006C1040 /* JSONKit.m in Sources */,
				5CB4EEF0132453F2006C1040 /* Importer.m in Sources */,
				5CB4EEF3132453FF006C1040 /* InfoItem.m in Sources */,
				5CB4EEF61324540B006C1040 /* Tour.m in Sources */,
				5C04551E13271EBD00DD7232 /* GTMHTTPFetcher.m in Sources */,
				5C7002B7132726EE00CD0D59 /* DatabaseAccess.m in Sources */,
				5C87E22E1327508A00D32AF2 /* UpdateManager.m in Sources */,
				5C87E2791327609B00D32AF2 /* _UserInfo.m in Sources */,
				5C87E27A1327609C00D32AF2 /* UserInfo.m in Sources */,
				5C92ECC4132862660064F21E /* DateFormatters.m in Sources */,
				5C8B4114132C5ACA00DC8FFF /* RegistrationManager.m in Sources */,
				5C32B719132F3053004DAB5A /* RegistrationWebViewController.m in Sources */,
			);
			runOnlyForDeploymentPostprocessing = 0;
		};
/* End PBXSourcesBuildPhase section */

/* Begin XCBuildConfiguration section */
		1D6058940D05DD3E006BFB54 /* Debug */ = {
			isa = XCBuildConfiguration;
			buildSettings = {
				ALWAYS_SEARCH_USER_PATHS = NO;
				COPY_PHASE_STRIP = NO;
				GCC_DYNAMIC_NO_PIC = NO;
				GCC_OPTIMIZATION_LEVEL = 0;
				GCC_PRECOMPILE_PREFIX_HEADER = YES;
				GCC_PREFIX_HEADER = GNGT_Prefix.pch;
				GCC_VERSION = com.apple.compilers.llvm.clang.1_0;
				INFOPLIST_FILE = "GNGT-Info.plist";
				IPHONEOS_DEPLOYMENT_TARGET = 4.2;
				PRODUCT_NAME = GNGT;
				TARGETED_DEVICE_FAMILY = 1;
			};
			name = Debug;
		};
		1D6058950D05DD3E006BFB54 /* Release */ = {
			isa = XCBuildConfiguration;
			buildSettings = {
				ALWAYS_SEARCH_USER_PATHS = NO;
				COPY_PHASE_STRIP = YES;
				GCC_PRECOMPILE_PREFIX_HEADER = YES;
				GCC_PREFIX_HEADER = GNGT_Prefix.pch;
				GCC_VERSION = com.apple.compilers.llvm.clang.1_0;
				INFOPLIST_FILE = "GNGT-Info.plist";
				IPHONEOS_DEPLOYMENT_TARGET = 4.2;
				PRODUCT_NAME = GNGT;
				TARGETED_DEVICE_FAMILY = 1;
				VALIDATE_PRODUCT = YES;
			};
			name = Release;
		};
		5C5A528E12EF3634001BDF15 /* Ad Hoc */ = {
			isa = XCBuildConfiguration;
			buildSettings = {
				ARCHS = "$(ARCHS_STANDARD_32_BIT)";
				"CODE_SIGN_IDENTITY[sdk=iphoneos*]" = "iPhone Developer";
				GCC_C_LANGUAGE_STANDARD = c99;
				GCC_WARN_ABOUT_RETURN_TYPE = YES;
				GCC_WARN_UNUSED_VARIABLE = YES;
				IPHONEOS_DEPLOYMENT_TARGET = 4.2;
				OTHER_CFLAGS = "-DNS_BLOCK_ASSERTIONS=1";
				PREBINDING = NO;
				SDKROOT = iphoneos;
			};
			name = "Ad Hoc";
		};
		5C5A528F12EF3634001BDF15 /* Ad Hoc */ = {
			isa = XCBuildConfiguration;
			buildSettings = {
				ALWAYS_SEARCH_USER_PATHS = NO;
				COPY_PHASE_STRIP = YES;
				GCC_PRECOMPILE_PREFIX_HEADER = YES;
				GCC_PREFIX_HEADER = GNGT_Prefix.pch;
				GCC_VERSION = com.apple.compilers.llvm.clang.1_0;
				INFOPLIST_FILE = "GNGT-Info.plist";
				IPHONEOS_DEPLOYMENT_TARGET = 4.2;
				PRODUCT_NAME = GNGT;
				TARGETED_DEVICE_FAMILY = 1;
				VALIDATE_PRODUCT = YES;
			};
			name = "Ad Hoc";
		};
		C01FCF4F08A954540054247B /* Debug */ = {
			isa = XCBuildConfiguration;
			buildSettings = {
				ARCHS = "$(ARCHS_STANDARD_32_BIT)";
				"CODE_SIGN_IDENTITY[sdk=iphoneos*]" = "iPhone Developer";
				GCC_C_LANGUAGE_STANDARD = c99;
				GCC_WARN_ABOUT_RETURN_TYPE = YES;
				GCC_WARN_UNUSED_VARIABLE = YES;
				IPHONEOS_DEPLOYMENT_TARGET = 4.2;
				PREBINDING = NO;
				SDKROOT = iphoneos;
			};
			name = Debug;
		};
		C01FCF5008A954540054247B /* Release */ = {
			isa = XCBuildConfiguration;
			buildSettings = {
				ARCHS = "$(ARCHS_STANDARD_32_BIT)";
				"CODE_SIGN_IDENTITY[sdk=iphoneos*]" = "iPhone Developer";
				GCC_C_LANGUAGE_STANDARD = c99;
				GCC_WARN_ABOUT_RETURN_TYPE = YES;
				GCC_WARN_UNUSED_VARIABLE = YES;
				IPHONEOS_DEPLOYMENT_TARGET = 4.2;
				OTHER_CFLAGS = "-DNS_BLOCK_ASSERTIONS=1";
				PREBINDING = NO;
				SDKROOT = iphoneos;
			};
			name = Release;
		};
/* End XCBuildConfiguration section */

/* Begin XCConfigurationList section */
		1D6058960D05DD3E006BFB54 /* Build configuration list for PBXNativeTarget "GNGT" */ = {
			isa = XCConfigurationList;
			buildConfigurations = (
				1D6058940D05DD3E006BFB54 /* Debug */,
				1D6058950D05DD3E006BFB54 /* Release */,
				5C5A528F12EF3634001BDF15 /* Ad Hoc */,
			);
			defaultConfigurationIsVisible = 0;
			defaultConfigurationName = Release;
		};
		C01FCF4E08A954540054247B /* Build configuration list for PBXProject "GNGT" */ = {
			isa = XCConfigurationList;
			buildConfigurations = (
				C01FCF4F08A954540054247B /* Debug */,
				C01FCF5008A954540054247B /* Release */,
				5C5A528E12EF3634001BDF15 /* Ad Hoc */,
			);
			defaultConfigurationIsVisible = 0;
			defaultConfigurationName = Release;
		};
/* End XCConfigurationList section */

/* Begin XCVersionGroup section */
		2819305F112F816700ECF9B4 /* GNGT.xcdatamodeld */ = {
			isa = XCVersionGroup;
			children = (
				5C94EA8713289D3C00092950 /* GNGT_5c.xcdatamodel */,
			);
			comments = "xmod \n--output-dir Classes/model\n";
			currentVersion = 5C94EA8713289D3C00092950 /* GNGT_5c.xcdatamodel */;
			path = GNGT.xcdatamodeld;
			sourceTree = "<group>";
			versionGroupType = wrapper.xcdatamodel;
		};
/* End XCVersionGroup section */
	};
	rootObject = 29B97313FDCFA39411CA2CEA /* Project object */;
}
