// !$*UTF8*$!
{
	archiveVersion = 1;
	classes = {
	};
	objectVersion = 46;
	objects = {

/* Begin PBXBuildFile section */
		1D3623260D0F684500981E51 /* GNGTAppDelegate.m in Sources */ = {isa = PBXBuildFile; fileRef = 1D3623250D0F684500981E51 /* GNGTAppDelegate.m */; };
		1D60589B0D05DD56006BFB54 /* main.m in Sources */ = {isa = PBXBuildFile; fileRef = 29B97316FDCFA39411CA2CEA /* main.m */; };
		1D60589F0D05DD5A006BFB54 /* Foundation.framework in Frameworks */ = {isa = PBXBuildFile; fileRef = 1D30AB110D05D00D00671497 /* Foundation.framework */; };
		1DF5F4E00D08C38300B7A737 /* UIKit.framework in Frameworks */ = {isa = PBXBuildFile; fileRef = 1DF5F4DF0D08C38300B7A737 /* UIKit.framework */; };
		28193060112F816700ECF9B4 /* GNGT.xcdatamodeld in Sources */ = {isa = PBXBuildFile; fileRef = 2819305F112F816700ECF9B4 /* GNGT.xcdatamodeld */; };
		288765A50DF7441C002DB57D /* CoreGraphics.framework in Frameworks */ = {isa = PBXBuildFile; fileRef = 288765A40DF7441C002DB57D /* CoreGraphics.framework */; };
		28AD733F0D9D9553002E5188 /* MainWindow.xib in Resources */ = {isa = PBXBuildFile; fileRef = 28AD733E0D9D9553002E5188 /* MainWindow.xib */; };
		28D801B40F44B63D00FB423F /* CoreData.framework in Frameworks */ = {isa = PBXBuildFile; fileRef = 28D801B30F44B63D00FB423F /* CoreData.framework */; };
		5C33321912F8DD070066C6CB /* TODO.txt in Resources */ = {isa = PBXBuildFile; fileRef = 5C33321812F8DD070066C6CB /* TODO.txt */; };
		5C4262E112F7F482007E0ABF /* favorite.png in Resources */ = {isa = PBXBuildFile; fileRef = 5C4262DF12F7F482007E0ABF /* favorite.png */; };
		5C4262E212F7F482007E0ABF /* favorite@2x.png in Resources */ = {isa = PBXBuildFile; fileRef = 5C4262E012F7F482007E0ABF /* favorite@2x.png */; };
		5C42631712F7F951007E0ABF /* flowerpot.png in Resources */ = {isa = PBXBuildFile; fileRef = 5C42631512F7F951007E0ABF /* flowerpot.png */; };
		5C42631812F7F951007E0ABF /* flowerpot@2x.png in Resources */ = {isa = PBXBuildFile; fileRef = 5C42631612F7F951007E0ABF /* flowerpot@2x.png */; };
		5C4C84F012EDF9AF0086B133 /* MapKit.framework in Frameworks */ = {isa = PBXBuildFile; fileRef = 5C4C84EF12EDF9AF0086B133 /* MapKit.framework */; };
		5C4C84F612EDFABD0086B133 /* CoreLocation.framework in Frameworks */ = {isa = PBXBuildFile; fileRef = 5C4C84F512EDFABD0086B133 /* CoreLocation.framework */; };
		5C87149D12EE429A0025B7B0 /* GNGT.sqlite in Resources */ = {isa = PBXBuildFile; fileRef = 5C87149C12EE429A0025B7B0 /* GNGT.sqlite */; };
		5C8714BE12EE4B830025B7B0 /* GardenMapViewController.m in Sources */ = {isa = PBXBuildFile; fileRef = 5C8714BD12EE4B830025B7B0 /* GardenMapViewController.m */; };
		5C8714C312EE4CCA0025B7B0 /* GardenMapView.xib in Resources */ = {isa = PBXBuildFile; fileRef = 5C8714C212EE4CCA0025B7B0 /* GardenMapView.xib */; };
		5C901E2C12F8DFE00091BB68 /* AddTalks.xcmappingmodel in Sources */ = {isa = PBXBuildFile; fileRef = 5C901E2B12F8DFE00091BB68 /* AddTalks.xcmappingmodel */; };
		5C99568112EFA6D0003D4908 /* StarControl.m in Sources */ = {isa = PBXBuildFile; fileRef = 5C99568012EFA6D0003D4908 /* StarControl.m */; };
		5CE2FE0612E8E1C500D88C6A /* GardenDescription.m in Sources */ = {isa = PBXBuildFile; fileRef = 5CE2FE0412E8E1C500D88C6A /* GardenDescription.m */; };
		5CE2FE0712E8E1C500D88C6A /* GardenInfo.m in Sources */ = {isa = PBXBuildFile; fileRef = 5CE2FE0512E8E1C500D88C6A /* GardenInfo.m */; };
		5CE4733F12F69110009DCC8C /* poppy.png in Resources */ = {isa = PBXBuildFile; fileRef = 5CE4733D12F69110009DCC8C /* poppy.png */; };
		5CE4734012F69110009DCC8C /* poppy@2x.png in Resources */ = {isa = PBXBuildFile; fileRef = 5CE4733E12F69110009DCC8C /* poppy@2x.png */; };
		5CE7F51612F0E7A70023C96A /* GardenInfoViewCell.m in Sources */ = {isa = PBXBuildFile; fileRef = 5CE7F51512F0E7A70023C96A /* GardenInfoViewCell.m */; };
		5CE7F55212F0F1220023C96A /* AddFavorite.xcmappingmodel in Sources */ = {isa = PBXBuildFile; fileRef = 5CE7F55112F0F1220023C96A /* AddFavorite.xcmappingmodel */; };
		C992D8CF12E2FA50004E4C35 /* GardensListViewController.m in Sources */ = {isa = PBXBuildFile; fileRef = C992D8CE12E2FA50004E4C35 /* GardensListViewController.m */; };
		C992D96712E37F3F004E4C35 /* GardenDescriptionViewController.m in Sources */ = {isa = PBXBuildFile; fileRef = C992D96512E37F3F004E4C35 /* GardenDescriptionViewController.m */; };
		C992D96812E37F3F004E4C35 /* GardenDescriptionViewController.xib in Resources */ = {isa = PBXBuildFile; fileRef = C992D96612E37F3F004E4C35 /* GardenDescriptionViewController.xib */; };
		C992D98012E42394004E4C35 /* GardenDescriptionView.m in Sources */ = {isa = PBXBuildFile; fileRef = C992D97F12E42394004E4C35 /* GardenDescriptionView.m */; };
		C992D9C412E7F2E5004E4C35 /* GNGTAppIco.png in Resources */ = {isa = PBXBuildFile; fileRef = C992D9C312E7F2E5004E4C35 /* GNGTAppIco.png */; };
/* End PBXBuildFile section */

/* Begin PBXFileReference section */
		1D30AB110D05D00D00671497 /* Foundation.framework */ = {isa = PBXFileReference; lastKnownFileType = wrapper.framework; name = Foundation.framework; path = System/Library/Frameworks/Foundation.framework; sourceTree = SDKROOT; };
		1D3623240D0F684500981E51 /* GNGTAppDelegate.h */ = {isa = PBXFileReference; fileEncoding = 4; lastKnownFileType = sourcecode.c.h; path = GNGTAppDelegate.h; sourceTree = "<group>"; };
		1D3623250D0F684500981E51 /* GNGTAppDelegate.m */ = {isa = PBXFileReference; fileEncoding = 4; lastKnownFileType = sourcecode.c.objc; path = GNGTAppDelegate.m; sourceTree = "<group>"; };
		1D6058910D05DD3D006BFB54 /* GNGT.app */ = {isa = PBXFileReference; explicitFileType = wrapper.application; includeInIndex = 0; path = GNGT.app; sourceTree = BUILT_PRODUCTS_DIR; };
		1DF5F4DF0D08C38300B7A737 /* UIKit.framework */ = {isa = PBXFileReference; lastKnownFileType = wrapper.framework; name = UIKit.framework; path = System/Library/Frameworks/UIKit.framework; sourceTree = SDKROOT; };
		288765A40DF7441C002DB57D /* CoreGraphics.framework */ = {isa = PBXFileReference; lastKnownFileType = wrapper.framework; name = CoreGraphics.framework; path = System/Library/Frameworks/CoreGraphics.framework; sourceTree = SDKROOT; };
		28AD733E0D9D9553002E5188 /* MainWindow.xib */ = {isa = PBXFileReference; lastKnownFileType = file.xib; path = MainWindow.xib; sourceTree = "<group>"; };
		28C3AD890F43EF2300507BA6 /* GNGT.xcdatamodel */ = {isa = PBXFileReference; fileEncoding = 4; lastKnownFileType = wrapper.xcdatamodel; path = GNGT.xcdatamodel; sourceTree = "<group>"; };
		28D801B30F44B63D00FB423F /* CoreData.framework */ = {isa = PBXFileReference; lastKnownFileType = wrapper.framework; name = CoreData.framework; path = System/Library/Frameworks/CoreData.framework; sourceTree = SDKROOT; };
		29B97316FDCFA39411CA2CEA /* main.m */ = {isa = PBXFileReference; fileEncoding = 4; lastKnownFileType = sourcecode.c.objc; path = main.m; sourceTree = "<group>"; };
		32CA4F630368D1EE00C91783 /* GNGT_Prefix.pch */ = {isa = PBXFileReference; fileEncoding = 4; lastKnownFileType = sourcecode.c.h; path = GNGT_Prefix.pch; sourceTree = "<group>"; };
		5C33321812F8DD070066C6CB /* TODO.txt */ = {isa = PBXFileReference; fileEncoding = 4; lastKnownFileType = text; path = TODO.txt; sourceTree = "<group>"; };
		5C4262DF12F7F482007E0ABF /* favorite.png */ = {isa = PBXFileReference; lastKnownFileType = image.png; name = favorite.png; path = images/favorite.png; sourceTree = "<group>"; };
		5C4262E012F7F482007E0ABF /* favorite@2x.png */ = {isa = PBXFileReference; lastKnownFileType = image.png; name = "favorite@2x.png"; path = "images/favorite@2x.png"; sourceTree = "<group>"; };
		5C42631512F7F951007E0ABF /* flowerpot.png */ = {isa = PBXFileReference; lastKnownFileType = image.png; name = flowerpot.png; path = images/flowerpot.png; sourceTree = "<group>"; };
		5C42631612F7F951007E0ABF /* flowerpot@2x.png */ = {isa = PBXFileReference; lastKnownFileType = image.png; name = "flowerpot@2x.png"; path = "images/flowerpot@2x.png"; sourceTree = "<group>"; };
		5C4C84EF12EDF9AF0086B133 /* MapKit.framework */ = {isa = PBXFileReference; lastKnownFileType = wrapper.framework; name = MapKit.framework; path = System/Library/Frameworks/MapKit.framework; sourceTree = SDKROOT; };
		5C4C84F512EDFABD0086B133 /* CoreLocation.framework */ = {isa = PBXFileReference; lastKnownFileType = wrapper.framework; name = CoreLocation.framework; path = System/Library/Frameworks/CoreLocation.framework; sourceTree = SDKROOT; };
		5C59F44F12F0F20700B786C0 /* GNGT 2.xcdatamodel */ = {isa = PBXFileReference; lastKnownFileType = wrapper.xcdatamodel; path = "GNGT 2.xcdatamodel"; sourceTree = "<group>"; };
		5C87149C12EE429A0025B7B0 /* GNGT.sqlite */ = {isa = PBXFileReference; lastKnownFileType = file; name = GNGT.sqlite; path = db/GNGT.sqlite; sourceTree = "<group>"; };
		5C8714BC12EE4B830025B7B0 /* GardenMapViewController.h */ = {isa = PBXFileReference; fileEncoding = 4; lastKnownFileType = sourcecode.c.h; path = GardenMapViewController.h; sourceTree = "<group>"; };
		5C8714BD12EE4B830025B7B0 /* GardenMapViewController.m */ = {isa = PBXFileReference; fileEncoding = 4; lastKnownFileType = sourcecode.c.objc; path = GardenMapViewController.m; sourceTree = "<group>"; };
		5C8714C212EE4CCA0025B7B0 /* GardenMapView.xib */ = {isa = PBXFileReference; lastKnownFileType = file.xib; path = GardenMapView.xib; sourceTree = "<group>"; };
		5C901E0F12F8DE360091BB68 /* GNGT 3.xcdatamodel */ = {isa = PBXFileReference; lastKnownFileType = wrapper.xcdatamodel; path = "GNGT 3.xcdatamodel"; sourceTree = "<group>"; };
		5C901E2B12F8DFE00091BB68 /* AddTalks.xcmappingmodel */ = {isa = PBXFileReference; fileEncoding = 4; lastKnownFileType = wrapper.xcmappingmodel; path = AddTalks.xcmappingmodel; sourceTree = "<group>"; };
		5C99567F12EFA6D0003D4908 /* StarControl.h */ = {isa = PBXFileReference; fileEncoding = 4; lastKnownFileType = sourcecode.c.h; path = StarControl.h; sourceTree = "<group>"; };
		5C99568012EFA6D0003D4908 /* StarControl.m */ = {isa = PBXFileReference; fileEncoding = 4; lastKnownFileType = sourcecode.c.objc; path = StarControl.m; sourceTree = "<group>"; };
		5CE2FE0312E8E1C500D88C6A /* GardenDescription.h */ = {isa = PBXFileReference; fileEncoding = 4; lastKnownFileType = sourcecode.c.h; path = GardenDescription.h; sourceTree = "<group>"; };
		5CE2FE0412E8E1C500D88C6A /* GardenDescription.m */ = {isa = PBXFileReference; fileEncoding = 4; lastKnownFileType = sourcecode.c.objc; path = GardenDescription.m; sourceTree = "<group>"; };
		5CE2FE0512E8E1C500D88C6A /* GardenInfo.m */ = {isa = PBXFileReference; fileEncoding = 4; lastKnownFileType = sourcecode.c.objc; path = GardenInfo.m; sourceTree = "<group>"; };
		5CE4733D12F69110009DCC8C /* poppy.png */ = {isa = PBXFileReference; lastKnownFileType = image.png; name = poppy.png; path = images/poppy.png; sourceTree = "<group>"; };
		5CE4733E12F69110009DCC8C /* poppy@2x.png */ = {isa = PBXFileReference; lastKnownFileType = image.png; name = "poppy@2x.png"; path = "images/poppy@2x.png"; sourceTree = "<group>"; };
		5CE7F51412F0E7A70023C96A /* GardenInfoViewCell.h */ = {isa = PBXFileReference; fileEncoding = 4; lastKnownFileType = sourcecode.c.h; path = GardenInfoViewCell.h; sourceTree = "<group>"; };
		5CE7F51512F0E7A70023C96A /* GardenInfoViewCell.m */ = {isa = PBXFileReference; fileEncoding = 4; lastKnownFileType = sourcecode.c.objc; path = GardenInfoViewCell.m; sourceTree = "<group>"; };
		5CE7F55112F0F1220023C96A /* AddFavorite.xcmappingmodel */ = {isa = PBXFileReference; fileEncoding = 4; lastKnownFileType = wrapper.xcmappingmodel; path = AddFavorite.xcmappingmodel; sourceTree = "<group>"; };
		8D1107310486CEB800E47090 /* GNGT-Info.plist */ = {isa = PBXFileReference; fileEncoding = 4; lastKnownFileType = text.plist.xml; path = "GNGT-Info.plist"; plistStructureDefinitionIdentifier = "com.apple.xcode.plist.structure-definition.iphone.info-plist"; sourceTree = "<group>"; };
		C992D88212E2EF13004E4C35 /* GardenInfo.h */ = {isa = PBXFileReference; fileEncoding = 4; lastKnownFileType = sourcecode.c.h; path = GardenInfo.h; sourceTree = "<group>"; };
		C992D8CD12E2FA50004E4C35 /* GardensListViewController.h */ = {isa = PBXFileReference; fileEncoding = 4; lastKnownFileType = sourcecode.c.h; path = GardensListViewController.h; sourceTree = "<group>"; };
		C992D8CE12E2FA50004E4C35 /* GardensListViewController.m */ = {isa = PBXFileReference; fileEncoding = 4; lastKnownFileType = sourcecode.c.objc; path = GardensListViewController.m; sourceTree = "<group>"; };
		C992D96412E37F3F004E4C35 /* GardenDescriptionViewController.h */ = {isa = PBXFileReference; fileEncoding = 4; lastKnownFileType = sourcecode.c.h; path = GardenDescriptionViewController.h; sourceTree = "<group>"; };
		C992D96512E37F3F004E4C35 /* GardenDescriptionViewController.m */ = {isa = PBXFileReference; fileEncoding = 4; lastKnownFileType = sourcecode.c.objc; path = GardenDescriptionViewController.m; sourceTree = "<group>"; };
		C992D96612E37F3F004E4C35 /* GardenDescriptionViewController.xib */ = {isa = PBXFileReference; lastKnownFileType = file.xib; name = GardenDescriptionViewController.xib; path = Classes/GardenDescriptionViewController.xib; sourceTree = "<group>"; };
		C992D97E12E42394004E4C35 /* GardenDescriptionView.h */ = {isa = PBXFileReference; fileEncoding = 4; lastKnownFileType = sourcecode.c.h; path = GardenDescriptionView.h; sourceTree = "<group>"; };
		C992D97F12E42394004E4C35 /* GardenDescriptionView.m */ = {isa = PBXFileReference; fileEncoding = 4; lastKnownFileType = sourcecode.c.objc; path = GardenDescriptionView.m; sourceTree = "<group>"; };
		C992D9C312E7F2E5004E4C35 /* GNGTAppIco.png */ = {isa = PBXFileReference; lastKnownFileType = image.png; path = GNGTAppIco.png; sourceTree = "<group>"; };
/* End PBXFileReference section */

/* Begin PBXFrameworksBuildPhase section */
		1D60588F0D05DD3D006BFB54 /* Frameworks */ = {
			isa = PBXFrameworksBuildPhase;
			buildActionMask = 2147483647;
			files = (
				1D60589F0D05DD5A006BFB54 /* Foundation.framework in Frameworks */,
				1DF5F4E00D08C38300B7A737 /* UIKit.framework in Frameworks */,
				288765A50DF7441C002DB57D /* CoreGraphics.framework in Frameworks */,
				28D801B40F44B63D00FB423F /* CoreData.framework in Frameworks */,
				5C4C84F012EDF9AF0086B133 /* MapKit.framework in Frameworks */,
				5C4C84F612EDFABD0086B133 /* CoreLocation.framework in Frameworks */,
			);
			runOnlyForDeploymentPostprocessing = 0;
		};
/* End PBXFrameworksBuildPhase section */

/* Begin PBXGroup section */
		080E96DDFE201D6D7F000001 /* Classes */ = {
			isa = PBXGroup;
			children = (
				5CE2FCE912E8C82A00D88C6A /* Model */,
				1D3623240D0F684500981E51 /* GNGTAppDelegate.h */,
				1D3623250D0F684500981E51 /* GNGTAppDelegate.m */,
				5CE2FCE812E8C82400D88C6A /* Views */,
				5C99568C12EFA7DB003D4908 /* Controls */,
			);
			path = Classes;
			sourceTree = "<group>";
		};
		19C28FACFE9D520D11CA2CBB /* Products */ = {
			isa = PBXGroup;
			children = (
				1D6058910D05DD3D006BFB54 /* GNGT.app */,
			);
			name = Products;
			sourceTree = "<group>";
		};
		29B97314FDCFA39411CA2CEA /* CustomTemplate */ = {
			isa = PBXGroup;
			children = (
				080E96DDFE201D6D7F000001 /* Classes */,
				29B97315FDCFA39411CA2CEA /* Other Sources */,
				29B97317FDCFA39411CA2CEA /* Resources */,
				29B97323FDCFA39411CA2CEA /* Frameworks */,
				19C28FACFE9D520D11CA2CBB /* Products */,
				5C33321812F8DD070066C6CB /* TODO.txt */,
			);
			name = CustomTemplate;
			sourceTree = "<group>";
		};
		29B97315FDCFA39411CA2CEA /* Other Sources */ = {
			isa = PBXGroup;
			children = (
				32CA4F630368D1EE00C91783 /* GNGT_Prefix.pch */,
				29B97316FDCFA39411CA2CEA /* main.m */,
			);
			name = "Other Sources";
			sourceTree = "<group>";
		};
		29B97317FDCFA39411CA2CEA /* Resources */ = {
			isa = PBXGroup;
			children = (
				5C42631512F7F951007E0ABF /* flowerpot.png */,
				5C42631612F7F951007E0ABF /* flowerpot@2x.png */,
				5C4262DF12F7F482007E0ABF /* favorite.png */,
				5C4262E012F7F482007E0ABF /* favorite@2x.png */,
				5CE4733D12F69110009DCC8C /* poppy.png */,
				5CE4733E12F69110009DCC8C /* poppy@2x.png */,
				5C87149C12EE429A0025B7B0 /* GNGT.sqlite */,
				C992D96612E37F3F004E4C35 /* GardenDescriptionViewController.xib */,
				C992D9C312E7F2E5004E4C35 /* GNGTAppIco.png */,
				2819305F112F816700ECF9B4 /* GNGT.xcdatamodeld */,
				28AD733E0D9D9553002E5188 /* MainWindow.xib */,
				8D1107310486CEB800E47090 /* GNGT-Info.plist */,
				5C8714C212EE4CCA0025B7B0 /* GardenMapView.xib */,
				5CE7F55112F0F1220023C96A /* AddFavorite.xcmappingmodel */,
				5C901E2B12F8DFE00091BB68 /* AddTalks.xcmappingmodel */,
			);
			name = Resources;
			sourceTree = "<group>";
		};
		29B97323FDCFA39411CA2CEA /* Frameworks */ = {
			isa = PBXGroup;
			children = (
				1DF5F4DF0D08C38300B7A737 /* UIKit.framework */,
				1D30AB110D05D00D00671497 /* Foundation.framework */,
				288765A40DF7441C002DB57D /* CoreGraphics.framework */,
				28D801B30F44B63D00FB423F /* CoreData.framework */,
				5C4C84EF12EDF9AF0086B133 /* MapKit.framework */,
				5C4C84F512EDFABD0086B133 /* CoreLocation.framework */,
			);
			name = Frameworks;
			sourceTree = "<group>";
		};
		5C99568C12EFA7DB003D4908 /* Controls */ = {
			isa = PBXGroup;
			children = (
				5C99567F12EFA6D0003D4908 /* StarControl.h */,
				5C99568012EFA6D0003D4908 /* StarControl.m */,
			);
			name = Controls;
			sourceTree = "<group>";
		};
		5CE2FCE812E8C82400D88C6A /* Views */ = {
			isa = PBXGroup;
			children = (
				5CE7F51412F0E7A70023C96A /* GardenInfoViewCell.h */,
				5CE7F51512F0E7A70023C96A /* GardenInfoViewCell.m */,
				C992D8CD12E2FA50004E4C35 /* GardensListViewController.h */,
				C992D8CE12E2FA50004E4C35 /* GardensListViewController.m */,
				C992D96412E37F3F004E4C35 /* GardenDescriptionViewController.h */,
				C992D96512E37F3F004E4C35 /* GardenDescriptionViewController.m */,
				C992D97E12E42394004E4C35 /* GardenDescriptionView.h */,
				C992D97F12E42394004E4C35 /* GardenDescriptionView.m */,
				5C8714BC12EE4B830025B7B0 /* GardenMapViewController.h */,
				5C8714BD12EE4B830025B7B0 /* GardenMapViewController.m */,
			);
			name = Views;
			sourceTree = "<group>";
		};
		5CE2FCE912E8C82A00D88C6A /* Model */ = {
			isa = PBXGroup;
			children = (
				5CE2FE0312E8E1C500D88C6A /* GardenDescription.h */,
				5CE2FE0412E8E1C500D88C6A /* GardenDescription.m */,
				5CE2FE0512E8E1C500D88C6A /* GardenInfo.m */,
				C992D88212E2EF13004E4C35 /* GardenInfo.h */,
			);
			name = Model;
			sourceTree = "<group>";
		};
/* End PBXGroup section */

/* Begin PBXNativeTarget section */
		1D6058900D05DD3D006BFB54 /* GNGT */ = {
			isa = PBXNativeTarget;
			buildConfigurationList = 1D6058960D05DD3E006BFB54 /* Build configuration list for PBXNativeTarget "GNGT" */;
			buildPhases = (
				1D60588D0D05DD3D006BFB54 /* Resources */,
				1D60588E0D05DD3D006BFB54 /* Sources */,
				1D60588F0D05DD3D006BFB54 /* Frameworks */,
			);
			buildRules = (
			);
			dependencies = (
			);
			name = GNGT;
			productName = GNGT;
			productReference = 1D6058910D05DD3D006BFB54 /* GNGT.app */;
			productType = "com.apple.product-type.application";
		};
/* End PBXNativeTarget section */

/* Begin PBXProject section */
		29B97313FDCFA39411CA2CEA /* Project object */ = {
			isa = PBXProject;
			buildConfigurationList = C01FCF4E08A954540054247B /* Build configuration list for PBXProject "GNGT" */;
			compatibilityVersion = "Xcode 3.2";
			developmentRegion = English;
			hasScannedForEncodings = 1;
			knownRegions = (
				English,
				Japanese,
				French,
				German,
			);
			mainGroup = 29B97314FDCFA39411CA2CEA /* CustomTemplate */;
			projectDirPath = "";
			projectRoot = "";
			targets = (
				1D6058900D05DD3D006BFB54 /* GNGT */,
			);
		};
/* End PBXProject section */

/* Begin PBXResourcesBuildPhase section */
		1D60588D0D05DD3D006BFB54 /* Resources */ = {
			isa = PBXResourcesBuildPhase;
			buildActionMask = 2147483647;
			files = (
				28AD733F0D9D9553002E5188 /* MainWindow.xib in Resources */,
				C992D96812E37F3F004E4C35 /* GardenDescriptionViewController.xib in Resources */,
				C992D9C412E7F2E5004E4C35 /* GNGTAppIco.png in Resources */,
				5C87149D12EE429A0025B7B0 /* GNGT.sqlite in Resources */,
				5C8714C312EE4CCA0025B7B0 /* GardenMapView.xib in Resources */,
				5CE4733F12F69110009DCC8C /* poppy.png in Resources */,
				5CE4734012F69110009DCC8C /* poppy@2x.png in Resources */,
				5C4262E112F7F482007E0ABF /* favorite.png in Resources */,
				5C4262E212F7F482007E0ABF /* favorite@2x.png in Resources */,
				5C42631712F7F951007E0ABF /* flowerpot.png in Resources */,
				5C42631812F7F951007E0ABF /* flowerpot@2x.png in Resources */,
				5C33321912F8DD070066C6CB /* TODO.txt in Resources */,
			);
			runOnlyForDeploymentPostprocessing = 0;
		};
/* End PBXResourcesBuildPhase section */

/* Begin PBXSourcesBuildPhase section */
		1D60588E0D05DD3D006BFB54 /* Sources */ = {
			isa = PBXSourcesBuildPhase;
			buildActionMask = 2147483647;
			files = (
				1D60589B0D05DD56006BFB54 /* main.m in Sources */,
				1D3623260D0F684500981E51 /* GNGTAppDelegate.m in Sources */,
				28193060112F816700ECF9B4 /* GNGT.xcdatamodeld in Sources */,
				C992D8CF12E2FA50004E4C35 /* GardensListViewController.m in Sources */,
				C992D96712E37F3F004E4C35 /* GardenDescriptionViewController.m in Sources */,
				C992D98012E42394004E4C35 /* GardenDescriptionView.m in Sources */,
				5CE2FE0612E8E1C500D88C6A /* GardenDescription.m in Sources */,
				5CE2FE0712E8E1C500D88C6A /* GardenInfo.m in Sources */,
				5C8714BE12EE4B830025B7B0 /* GardenMapViewController.m in Sources */,
				5C99568112EFA6D0003D4908 /* StarControl.m in Sources */,
				5CE7F51612F0E7A70023C96A /* GardenInfoViewCell.m in Sources */,
				5CE7F55212F0F1220023C96A /* AddFavorite.xcmappingmodel in Sources */,
				5C901E2C12F8DFE00091BB68 /* AddTalks.xcmappingmodel in Sources */,
			);
			runOnlyForDeploymentPostprocessing = 0;
		};
/* End PBXSourcesBuildPhase section */

/* Begin XCBuildConfiguration section */
		1D6058940D05DD3E006BFB54 /* Debug */ = {
			isa = XCBuildConfiguration;
			buildSettings = {
				ALWAYS_SEARCH_USER_PATHS = NO;
				COPY_PHASE_STRIP = NO;
				GCC_DYNAMIC_NO_PIC = NO;
				GCC_OPTIMIZATION_LEVEL = 0;
				GCC_PRECOMPILE_PREFIX_HEADER = YES;
				GCC_PREFIX_HEADER = GNGT_Prefix.pch;
				GCC_VERSION = "";
				INFOPLIST_FILE = "GNGT-Info.plist";
				PRODUCT_NAME = GNGT;
			};
			name = Debug;
		};
		1D6058950D05DD3E006BFB54 /* Release */ = {
			isa = XCBuildConfiguration;
			buildSettings = {
				ALWAYS_SEARCH_USER_PATHS = NO;
				COPY_PHASE_STRIP = YES;
				GCC_PRECOMPILE_PREFIX_HEADER = YES;
				GCC_PREFIX_HEADER = GNGT_Prefix.pch;
				GCC_VERSION = "";
				INFOPLIST_FILE = "GNGT-Info.plist";
				PRODUCT_NAME = GNGT;
				VALIDATE_PRODUCT = YES;
			};
			name = Release;
		};
		5C5A528E12EF3634001BDF15 /* Ad Hoc */ = {
			isa = XCBuildConfiguration;
			buildSettings = {
				ARCHS = "$(ARCHS_STANDARD_32_BIT)";
				"CODE_SIGN_IDENTITY[sdk=iphoneos*]" = "iPhone Developer";
				GCC_C_LANGUAGE_STANDARD = c99;
				GCC_WARN_ABOUT_RETURN_TYPE = YES;
				GCC_WARN_UNUSED_VARIABLE = YES;
				OTHER_CFLAGS = "-DNS_BLOCK_ASSERTIONS=1";
				PREBINDING = NO;
				SDKROOT = iphoneos;
			};
			name = "Ad Hoc";
		};
		5C5A528F12EF3634001BDF15 /* Ad Hoc */ = {
			isa = XCBuildConfiguration;
			buildSettings = {
				ALWAYS_SEARCH_USER_PATHS = NO;
				COPY_PHASE_STRIP = YES;
				GCC_PRECOMPILE_PREFIX_HEADER = YES;
				GCC_PREFIX_HEADER = GNGT_Prefix.pch;
				GCC_VERSION = "";
				INFOPLIST_FILE = "GNGT-Info.plist";
				PRODUCT_NAME = GNGT;
				VALIDATE_PRODUCT = YES;
			};
			name = "Ad Hoc";
		};
		C01FCF4F08A954540054247B /* Debug */ = {
			isa = XCBuildConfiguration;
			buildSettings = {
				ARCHS = "$(ARCHS_STANDARD_32_BIT)";
				"CODE_SIGN_IDENTITY[sdk=iphoneos*]" = "iPhone Developer";
				GCC_C_LANGUAGE_STANDARD = c99;
				GCC_WARN_ABOUT_RETURN_TYPE = YES;
				GCC_WARN_UNUSED_VARIABLE = YES;
				PREBINDING = NO;
				SDKROOT = iphoneos;
			};
			name = Debug;
		};
		C01FCF5008A954540054247B /* Release */ = {
			isa = XCBuildConfiguration;
			buildSettings = {
				ARCHS = "$(ARCHS_STANDARD_32_BIT)";
				"CODE_SIGN_IDENTITY[sdk=iphoneos*]" = "iPhone Developer";
				GCC_C_LANGUAGE_STANDARD = c99;
				GCC_WARN_ABOUT_RETURN_TYPE = YES;
				GCC_WARN_UNUSED_VARIABLE = YES;
				OTHER_CFLAGS = "-DNS_BLOCK_ASSERTIONS=1";
				PREBINDING = NO;
				SDKROOT = iphoneos;
			};
			name = Release;
		};
/* End XCBuildConfiguration section */

/* Begin XCConfigurationList section */
		1D6058960D05DD3E006BFB54 /* Build configuration list for PBXNativeTarget "GNGT" */ = {
			isa = XCConfigurationList;
			buildConfigurations = (
				1D6058940D05DD3E006BFB54 /* Debug */,
				1D6058950D05DD3E006BFB54 /* Release */,
				5C5A528F12EF3634001BDF15 /* Ad Hoc */,
			);
			defaultConfigurationIsVisible = 0;
			defaultConfigurationName = Release;
		};
		C01FCF4E08A954540054247B /* Build configuration list for PBXProject "GNGT" */ = {
			isa = XCConfigurationList;
			buildConfigurations = (
				C01FCF4F08A954540054247B /* Debug */,
				C01FCF5008A954540054247B /* Release */,
				5C5A528E12EF3634001BDF15 /* Ad Hoc */,
			);
			defaultConfigurationIsVisible = 0;
			defaultConfigurationName = Release;
		};
/* End XCConfigurationList section */

/* Begin XCVersionGroup section */
		2819305F112F816700ECF9B4 /* GNGT.xcdatamodeld */ = {
			isa = XCVersionGroup;
			children = (
				28C3AD890F43EF2300507BA6 /* GNGT.xcdatamodel */,
				5C59F44F12F0F20700B786C0 /* GNGT 2.xcdatamodel */,
				5C901E0F12F8DE360091BB68 /* GNGT 3.xcdatamodel */,
			);
			currentVersion = 5C901E0F12F8DE360091BB68 /* GNGT 3.xcdatamodel */;
			path = GNGT.xcdatamodeld;
			sourceTree = "<group>";
			versionGroupType = wrapper.xcdatamodel;
		};
/* End XCVersionGroup section */
	};
	rootObject = 29B97313FDCFA39411CA2CEA /* Project object */;
}
